// !$*UTF8*$!
{
	archiveVersion = 1;
	classes = {
	};
	objectVersion = 56;
	objects = {

/* Begin PBXBuildFile section */
		90C4F6A329849178002C49BD /* UsernameView.swift in Sources */ = {isa = PBXBuildFile; fileRef = 90C4F6A229849178002C49BD /* UsernameView.swift */; };
		90CB11012984D16C00D5FD90 /* OrderedCollections in Frameworks */ = {isa = PBXBuildFile; productRef = 90CB11002984D16C00D5FD90 /* OrderedCollections */; };
		90CB11092984DA8700D5FD90 /* CheckboxView.swift in Sources */ = {isa = PBXBuildFile; fileRef = 90CB11082984DA8700D5FD90 /* CheckboxView.swift */; };
		90CB110B2984DEA100D5FD90 /* EditButtonToDo.swift in Sources */ = {isa = PBXBuildFile; fileRef = 90CB110A2984DEA100D5FD90 /* EditButtonToDo.swift */; };
		90CB110D2984DFA000D5FD90 /* EditButtonAssignments.swift in Sources */ = {isa = PBXBuildFile; fileRef = 90CB110C2984DFA000D5FD90 /* EditButtonAssignments.swift */; };
		90CB11132984E37400D5FD90 /* JSONBody.swift in Sources */ = {isa = PBXBuildFile; fileRef = 90CB11122984E37400D5FD90 /* JSONBody.swift */; };
		90CB11152984F4C200D5FD90 /* Network.swift in Sources */ = {isa = PBXBuildFile; fileRef = 90CB11142984F4C200D5FD90 /* Network.swift */; };
		90CB11172984F4E900D5FD90 /* User.swift in Sources */ = {isa = PBXBuildFile; fileRef = 90CB11162984F4E900D5FD90 /* User.swift */; };
		A40BCBAF298487D8000426BD /* HoyaHacks_2023_College_Planner_AppApp.swift in Sources */ = {isa = PBXBuildFile; fileRef = A40BCBAE298487D8000426BD /* HoyaHacks_2023_College_Planner_AppApp.swift */; };
		A40BCBB1298487D8000426BD /* ContentView.swift in Sources */ = {isa = PBXBuildFile; fileRef = A40BCBB0298487D8000426BD /* ContentView.swift */; };
		A40BCBB3298487D9000426BD /* Assets.xcassets in Resources */ = {isa = PBXBuildFile; fileRef = A40BCBB2298487D9000426BD /* Assets.xcassets */; };
		A40BCBB6298487D9000426BD /* Preview Assets.xcassets in Resources */ = {isa = PBXBuildFile; fileRef = A40BCBB5298487D9000426BD /* Preview Assets.xcassets */; };
		A40BCBBE298488C0000426BD /* SideMenuViewModel.swift in Sources */ = {isa = PBXBuildFile; fileRef = A40BCBBD298488C0000426BD /* SideMenuViewModel.swift */; };
		A40BCBC0298488FE000426BD /* SideMenuView.swift in Sources */ = {isa = PBXBuildFile; fileRef = A40BCBBF298488FE000426BD /* SideMenuView.swift */; };
		A40BCBC22984892C000426BD /* SideMenuOptionView.swift in Sources */ = {isa = PBXBuildFile; fileRef = A40BCBC12984892C000426BD /* SideMenuOptionView.swift */; };
		A40BCBC429848958000426BD /* SideMenuHeaderView.swift in Sources */ = {isa = PBXBuildFile; fileRef = A40BCBC329848958000426BD /* SideMenuHeaderView.swift */; };
		A40BCBC7298489B2000426BD /* Notes.swift in Sources */ = {isa = PBXBuildFile; fileRef = A40BCBC6298489B2000426BD /* Notes.swift */; };
		A40BCBCB298489FA000426BD /* AssignmentsView.swift in Sources */ = {isa = PBXBuildFile; fileRef = A40BCBCA298489FA000426BD /* AssignmentsView.swift */; };
		A40BCBCD29848A0C000426BD /* CalendarView.swift in Sources */ = {isa = PBXBuildFile; fileRef = A40BCBCC29848A0C000426BD /* CalendarView.swift */; };
/* End PBXBuildFile section */

/* Begin PBXFileReference section */
		90C4F6A229849178002C49BD /* UsernameView.swift */ = {isa = PBXFileReference; lastKnownFileType = sourcecode.swift; path = UsernameView.swift; sourceTree = "<group>"; };
		90CB10FE2984CD9F00D5FD90 /* Info.plist */ = {isa = PBXFileReference; lastKnownFileType = text.plist.xml; path = Info.plist; sourceTree = "<group>"; };
		90CB11082984DA8700D5FD90 /* CheckboxView.swift */ = {isa = PBXFileReference; lastKnownFileType = sourcecode.swift; path = CheckboxView.swift; sourceTree = "<group>"; };
		90CB110A2984DEA100D5FD90 /* EditButtonToDo.swift */ = {isa = PBXFileReference; lastKnownFileType = sourcecode.swift; path = EditButtonToDo.swift; sourceTree = "<group>"; };
		90CB110C2984DFA000D5FD90 /* EditButtonAssignments.swift */ = {isa = PBXFileReference; lastKnownFileType = sourcecode.swift; path = EditButtonAssignments.swift; sourceTree = "<group>"; };
		90CB11122984E37400D5FD90 /* JSONBody.swift */ = {isa = PBXFileReference; lastKnownFileType = sourcecode.swift; path = JSONBody.swift; sourceTree = "<group>"; };
		90CB11142984F4C200D5FD90 /* Network.swift */ = {isa = PBXFileReference; lastKnownFileType = sourcecode.swift; path = Network.swift; sourceTree = "<group>"; };
		90CB11162984F4E900D5FD90 /* User.swift */ = {isa = PBXFileReference; lastKnownFileType = sourcecode.swift; path = User.swift; sourceTree = "<group>"; };
		A40BCBAB298487D8000426BD /* HoyaHacks-2023-College-Planner-App.app */ = {isa = PBXFileReference; explicitFileType = wrapper.application; includeInIndex = 0; path = "HoyaHacks-2023-College-Planner-App.app"; sourceTree = BUILT_PRODUCTS_DIR; };
		A40BCBAE298487D8000426BD /* HoyaHacks_2023_College_Planner_AppApp.swift */ = {isa = PBXFileReference; lastKnownFileType = sourcecode.swift; path = HoyaHacks_2023_College_Planner_AppApp.swift; sourceTree = "<group>"; };
		A40BCBB0298487D8000426BD /* ContentView.swift */ = {isa = PBXFileReference; lastKnownFileType = sourcecode.swift; path = ContentView.swift; sourceTree = "<group>"; };
		A40BCBB2298487D9000426BD /* Assets.xcassets */ = {isa = PBXFileReference; lastKnownFileType = folder.assetcatalog; path = Assets.xcassets; sourceTree = "<group>"; };
		A40BCBB5298487D9000426BD /* Preview Assets.xcassets */ = {isa = PBXFileReference; lastKnownFileType = folder.assetcatalog; path = "Preview Assets.xcassets"; sourceTree = "<group>"; };
		A40BCBBD298488C0000426BD /* SideMenuViewModel.swift */ = {isa = PBXFileReference; lastKnownFileType = sourcecode.swift; path = SideMenuViewModel.swift; sourceTree = "<group>"; };
		A40BCBBF298488FE000426BD /* SideMenuView.swift */ = {isa = PBXFileReference; lastKnownFileType = sourcecode.swift; path = SideMenuView.swift; sourceTree = "<group>"; };
		A40BCBC12984892C000426BD /* SideMenuOptionView.swift */ = {isa = PBXFileReference; lastKnownFileType = sourcecode.swift; path = SideMenuOptionView.swift; sourceTree = "<group>"; };
		A40BCBC329848958000426BD /* SideMenuHeaderView.swift */ = {isa = PBXFileReference; lastKnownFileType = sourcecode.swift; path = SideMenuHeaderView.swift; sourceTree = "<group>"; };
		A40BCBC6298489B2000426BD /* Notes.swift */ = {isa = PBXFileReference; lastKnownFileType = sourcecode.swift; path = Notes.swift; sourceTree = "<group>"; };
		A40BCBCA298489FA000426BD /* AssignmentsView.swift */ = {isa = PBXFileReference; lastKnownFileType = sourcecode.swift; path = AssignmentsView.swift; sourceTree = "<group>"; };
		A40BCBCC29848A0C000426BD /* CalendarView.swift */ = {isa = PBXFileReference; lastKnownFileType = sourcecode.swift; path = CalendarView.swift; sourceTree = "<group>"; };
/* End PBXFileReference section */

/* Begin PBXFrameworksBuildPhase section */
		A40BCBA8298487D8000426BD /* Frameworks */ = {
			isa = PBXFrameworksBuildPhase;
			buildActionMask = 2147483647;
			files = (
				90CB11012984D16C00D5FD90 /* OrderedCollections in Frameworks */,
			);
			runOnlyForDeploymentPostprocessing = 0;
		};
/* End PBXFrameworksBuildPhase section */

/* Begin PBXGroup section */
		90C4F6A129849139002C49BD /* Username */ = {
			isa = PBXGroup;
			children = (
				90C4F6A229849178002C49BD /* UsernameView.swift */,
			);
			path = Username;
			sourceTree = "<group>";
		};
		90CB11022984D90A00D5FD90 /* Notes Page */ = {
			isa = PBXGroup;
			children = (
				A40BCBC6298489B2000426BD /* Notes.swift */,
				90CB11082984DA8700D5FD90 /* CheckboxView.swift */,
				90CB110A2984DEA100D5FD90 /* EditButtonToDo.swift */,
			);
			path = "Notes Page";
			sourceTree = "<group>";
		};
		90CB11032984D94400D5FD90 /* Requests */ = {
			isa = PBXGroup;
			children = (
				90CB11122984E37400D5FD90 /* JSONBody.swift */,
				90CB11142984F4C200D5FD90 /* Network.swift */,
				90CB11162984F4E900D5FD90 /* User.swift */,
			);
			path = Requests;
			sourceTree = "<group>";
		};
		90CB11042984D96C00D5FD90 /* Assignments Page */ = {
			isa = PBXGroup;
			children = (
				A40BCBCA298489FA000426BD /* AssignmentsView.swift */,
				90CB110C2984DFA000D5FD90 /* EditButtonAssignments.swift */,
			);
			path = "Assignments Page";
			sourceTree = "<group>";
		};
		90CB11052984D9AF00D5FD90 /* Calendar Page */ = {
			isa = PBXGroup;
			children = (
				A40BCBCC29848A0C000426BD /* CalendarView.swift */,
			);
			path = "Calendar Page";
			sourceTree = "<group>";
		};
		90CB11062984D9B900D5FD90 /* Functionality */ = {
			isa = PBXGroup;
			children = (
				A40BCBAE298487D8000426BD /* HoyaHacks_2023_College_Planner_AppApp.swift */,
				A40BCBB0298487D8000426BD /* ContentView.swift */,
			);
			path = Functionality;
			sourceTree = "<group>";
		};
		90CB11072984DA0400D5FD90 /* Data & Assets */ = {
			isa = PBXGroup;
			children = (
				A40BCBB2298487D9000426BD /* Assets.xcassets */,
			);
			path = "Data & Assets";
			sourceTree = "<group>";
		};
		A40BCBA2298487D8000426BD = {
			isa = PBXGroup;
			children = (
				A40BCBAD298487D8000426BD /* HoyaHacks-2023-College-Planner-App */,
				A40BCBAC298487D8000426BD /* Products */,
			);
			sourceTree = "<group>";
		};
		A40BCBAC298487D8000426BD /* Products */ = {
			isa = PBXGroup;
			children = (
				A40BCBAB298487D8000426BD /* HoyaHacks-2023-College-Planner-App.app */,
			);
			name = Products;
			sourceTree = "<group>";
		};
		A40BCBAD298487D8000426BD /* HoyaHacks-2023-College-Planner-App */ = {
			isa = PBXGroup;
			children = (
				90CB10FE2984CD9F00D5FD90 /* Info.plist */,
				90CB11062984D9B900D5FD90 /* Functionality */,
				90CB11032984D94400D5FD90 /* Requests */,
				90C4F6A129849139002C49BD /* Username */,
				A40BCBBC29848869000426BD /* SideMenu */,
				90CB11042984D96C00D5FD90 /* Assignments Page */,
				90CB11022984D90A00D5FD90 /* Notes Page */,
				90CB11052984D9AF00D5FD90 /* Calendar Page */,
				90CB11072984DA0400D5FD90 /* Data & Assets */,
				A40BCBB4298487D9000426BD /* Preview Content */,
			);
			path = "HoyaHacks-2023-College-Planner-App";
			sourceTree = "<group>";
		};
		A40BCBB4298487D9000426BD /* Preview Content */ = {
			isa = PBXGroup;
			children = (
				A40BCBB5298487D9000426BD /* Preview Assets.xcassets */,
			);
			path = "Preview Content";
			sourceTree = "<group>";
		};
		A40BCBBC29848869000426BD /* SideMenu */ = {
			isa = PBXGroup;
			children = (
				A40BCBBD298488C0000426BD /* SideMenuViewModel.swift */,
				A40BCBBF298488FE000426BD /* SideMenuView.swift */,
				A40BCBC12984892C000426BD /* SideMenuOptionView.swift */,
				A40BCBC329848958000426BD /* SideMenuHeaderView.swift */,
			);
			path = SideMenu;
			sourceTree = "<group>";
		};
/* End PBXGroup section */

/* Begin PBXNativeTarget section */
		A40BCBAA298487D8000426BD /* HoyaHacks-2023-College-Planner-App */ = {
			isa = PBXNativeTarget;
			buildConfigurationList = A40BCBB9298487D9000426BD /* Build configuration list for PBXNativeTarget "HoyaHacks-2023-College-Planner-App" */;
			buildPhases = (
				A40BCBA7298487D8000426BD /* Sources */,
				A40BCBA8298487D8000426BD /* Frameworks */,
				A40BCBA9298487D8000426BD /* Resources */,
			);
			buildRules = (
			);
			dependencies = (
			);
			name = "HoyaHacks-2023-College-Planner-App";
			packageProductDependencies = (
				90CB11002984D16C00D5FD90 /* OrderedCollections */,
			);
			productName = "HoyaHacks-2023-College-Planner-App";
			productReference = A40BCBAB298487D8000426BD /* HoyaHacks-2023-College-Planner-App.app */;
			productType = "com.apple.product-type.application";
		};
/* End PBXNativeTarget section */

/* Begin PBXProject section */
		A40BCBA3298487D8000426BD /* Project object */ = {
			isa = PBXProject;
			attributes = {
				BuildIndependentTargetsInParallel = 1;
				LastSwiftUpdateCheck = 1420;
				LastUpgradeCheck = 1420;
				TargetAttributes = {
					A40BCBAA298487D8000426BD = {
						CreatedOnToolsVersion = 14.2;
					};
				};
			};
			buildConfigurationList = A40BCBA6298487D8000426BD /* Build configuration list for PBXProject "HoyaHacks-2023-College-Planner-App" */;
			compatibilityVersion = "Xcode 14.0";
			developmentRegion = en;
			hasScannedForEncodings = 0;
			knownRegions = (
				en,
				Base,
			);
			mainGroup = A40BCBA2298487D8000426BD;
			packageReferences = (
				90CB10FF2984D16C00D5FD90 /* XCRemoteSwiftPackageReference "swift-collections" */,
			);
			productRefGroup = A40BCBAC298487D8000426BD /* Products */;
			projectDirPath = "";
			projectRoot = "";
			targets = (
				A40BCBAA298487D8000426BD /* HoyaHacks-2023-College-Planner-App */,
			);
		};
/* End PBXProject section */

/* Begin PBXResourcesBuildPhase section */
		A40BCBA9298487D8000426BD /* Resources */ = {
			isa = PBXResourcesBuildPhase;
			buildActionMask = 2147483647;
			files = (
				A40BCBB6298487D9000426BD /* Preview Assets.xcassets in Resources */,
				A40BCBB3298487D9000426BD /* Assets.xcassets in Resources */,
			);
			runOnlyForDeploymentPostprocessing = 0;
		};
/* End PBXResourcesBuildPhase section */

/* Begin PBXSourcesBuildPhase section */
		A40BCBA7298487D8000426BD /* Sources */ = {
			isa = PBXSourcesBuildPhase;
			buildActionMask = 2147483647;
			files = (
				90C4F6A329849178002C49BD /* UsernameView.swift in Sources */,
				A40BCBCD29848A0C000426BD /* CalendarView.swift in Sources */,
				A40BCBB1298487D8000426BD /* ContentView.swift in Sources */,
				90CB11092984DA8700D5FD90 /* CheckboxView.swift in Sources */,
				90CB110D2984DFA000D5FD90 /* EditButtonAssignments.swift in Sources */,
				A40BCBBE298488C0000426BD /* SideMenuViewModel.swift in Sources */,
				A40BCBC0298488FE000426BD /* SideMenuView.swift in Sources */,
				A40BCBCB298489FA000426BD /* AssignmentsView.swift in Sources */,
				A40BCBC429848958000426BD /* SideMenuHeaderView.swift in Sources */,
				90CB11152984F4C200D5FD90 /* Network.swift in Sources */,
				90CB110B2984DEA100D5FD90 /* EditButtonToDo.swift in Sources */,
				A40BCBC7298489B2000426BD /* Notes.swift in Sources */,
				90CB11172984F4E900D5FD90 /* User.swift in Sources */,
				90CB11132984E37400D5FD90 /* JSONBody.swift in Sources */,
				A40BCBC22984892C000426BD /* SideMenuOptionView.swift in Sources */,
				A40BCBAF298487D8000426BD /* HoyaHacks_2023_College_Planner_AppApp.swift in Sources */,
			);
			runOnlyForDeploymentPostprocessing = 0;
		};
/* End PBXSourcesBuildPhase section */

/* Begin XCBuildConfiguration section */
		A40BCBB7298487D9000426BD /* Debug */ = {
			isa = XCBuildConfiguration;
			buildSettings = {
				ALWAYS_SEARCH_USER_PATHS = NO;
				CLANG_ANALYZER_NONNULL = YES;
				CLANG_ANALYZER_NUMBER_OBJECT_CONVERSION = YES_AGGRESSIVE;
				CLANG_CXX_LANGUAGE_STANDARD = "gnu++20";
				CLANG_ENABLE_MODULES = YES;
				CLANG_ENABLE_OBJC_ARC = YES;
				CLANG_ENABLE_OBJC_WEAK = YES;
				CLANG_WARN_BLOCK_CAPTURE_AUTORELEASING = YES;
				CLANG_WARN_BOOL_CONVERSION = YES;
				CLANG_WARN_COMMA = YES;
				CLANG_WARN_CONSTANT_CONVERSION = YES;
				CLANG_WARN_DEPRECATED_OBJC_IMPLEMENTATIONS = YES;
				CLANG_WARN_DIRECT_OBJC_ISA_USAGE = YES_ERROR;
				CLANG_WARN_DOCUMENTATION_COMMENTS = YES;
				CLANG_WARN_EMPTY_BODY = YES;
				CLANG_WARN_ENUM_CONVERSION = YES;
				CLANG_WARN_INFINITE_RECURSION = YES;
				CLANG_WARN_INT_CONVERSION = YES;
				CLANG_WARN_NON_LITERAL_NULL_CONVERSION = YES;
				CLANG_WARN_OBJC_IMPLICIT_RETAIN_SELF = YES;
				CLANG_WARN_OBJC_LITERAL_CONVERSION = YES;
				CLANG_WARN_OBJC_ROOT_CLASS = YES_ERROR;
				CLANG_WARN_QUOTED_INCLUDE_IN_FRAMEWORK_HEADER = YES;
				CLANG_WARN_RANGE_LOOP_ANALYSIS = YES;
				CLANG_WARN_STRICT_PROTOTYPES = YES;
				CLANG_WARN_SUSPICIOUS_MOVE = YES;
				CLANG_WARN_UNGUARDED_AVAILABILITY = YES_AGGRESSIVE;
				CLANG_WARN_UNREACHABLE_CODE = YES;
				CLANG_WARN__DUPLICATE_METHOD_MATCH = YES;
				COPY_PHASE_STRIP = NO;
				DEBUG_INFORMATION_FORMAT = dwarf;
				ENABLE_STRICT_OBJC_MSGSEND = YES;
				ENABLE_TESTABILITY = YES;
				GCC_C_LANGUAGE_STANDARD = gnu11;
				GCC_DYNAMIC_NO_PIC = NO;
				GCC_NO_COMMON_BLOCKS = YES;
				GCC_OPTIMIZATION_LEVEL = 0;
				GCC_PREPROCESSOR_DEFINITIONS = (
					"DEBUG=1",
					"$(inherited)",
				);
				GCC_WARN_64_TO_32_BIT_CONVERSION = YES;
				GCC_WARN_ABOUT_RETURN_TYPE = YES_ERROR;
				GCC_WARN_UNDECLARED_SELECTOR = YES;
				GCC_WARN_UNINITIALIZED_AUTOS = YES_AGGRESSIVE;
				GCC_WARN_UNUSED_FUNCTION = YES;
				GCC_WARN_UNUSED_VARIABLE = YES;
				GENERATE_INFOPLIST_FILE = NO;
				IPHONEOS_DEPLOYMENT_TARGET = 16.2;
				MTL_ENABLE_DEBUG_INFO = INCLUDE_SOURCE;
				MTL_FAST_MATH = YES;
				ONLY_ACTIVE_ARCH = YES;
				SDKROOT = iphoneos;
				SWIFT_ACTIVE_COMPILATION_CONDITIONS = DEBUG;
				SWIFT_OPTIMIZATION_LEVEL = "-Onone";
			};
			name = Debug;
		};
		A40BCBB8298487D9000426BD /* Release */ = {
			isa = XCBuildConfiguration;
			buildSettings = {
				ALWAYS_SEARCH_USER_PATHS = NO;
				CLANG_ANALYZER_NONNULL = YES;
				CLANG_ANALYZER_NUMBER_OBJECT_CONVERSION = YES_AGGRESSIVE;
				CLANG_CXX_LANGUAGE_STANDARD = "gnu++20";
				CLANG_ENABLE_MODULES = YES;
				CLANG_ENABLE_OBJC_ARC = YES;
				CLANG_ENABLE_OBJC_WEAK = YES;
				CLANG_WARN_BLOCK_CAPTURE_AUTORELEASING = YES;
				CLANG_WARN_BOOL_CONVERSION = YES;
				CLANG_WARN_COMMA = YES;
				CLANG_WARN_CONSTANT_CONVERSION = YES;
				CLANG_WARN_DEPRECATED_OBJC_IMPLEMENTATIONS = YES;
				CLANG_WARN_DIRECT_OBJC_ISA_USAGE = YES_ERROR;
				CLANG_WARN_DOCUMENTATION_COMMENTS = YES;
				CLANG_WARN_EMPTY_BODY = YES;
				CLANG_WARN_ENUM_CONVERSION = YES;
				CLANG_WARN_INFINITE_RECURSION = YES;
				CLANG_WARN_INT_CONVERSION = YES;
				CLANG_WARN_NON_LITERAL_NULL_CONVERSION = YES;
				CLANG_WARN_OBJC_IMPLICIT_RETAIN_SELF = YES;
				CLANG_WARN_OBJC_LITERAL_CONVERSION = YES;
				CLANG_WARN_OBJC_ROOT_CLASS = YES_ERROR;
				CLANG_WARN_QUOTED_INCLUDE_IN_FRAMEWORK_HEADER = YES;
				CLANG_WARN_RANGE_LOOP_ANALYSIS = YES;
				CLANG_WARN_STRICT_PROTOTYPES = YES;
				CLANG_WARN_SUSPICIOUS_MOVE = YES;
				CLANG_WARN_UNGUARDED_AVAILABILITY = YES_AGGRESSIVE;
				CLANG_WARN_UNREACHABLE_CODE = YES;
				CLANG_WARN__DUPLICATE_METHOD_MATCH = YES;
				COPY_PHASE_STRIP = NO;
				DEBUG_INFORMATION_FORMAT = "dwarf-with-dsym";
				ENABLE_NS_ASSERTIONS = NO;
				ENABLE_STRICT_OBJC_MSGSEND = YES;
				GCC_C_LANGUAGE_STANDARD = gnu11;
				GCC_NO_COMMON_BLOCKS = YES;
				GCC_WARN_64_TO_32_BIT_CONVERSION = YES;
				GCC_WARN_ABOUT_RETURN_TYPE = YES_ERROR;
				GCC_WARN_UNDECLARED_SELECTOR = YES;
				GCC_WARN_UNINITIALIZED_AUTOS = YES_AGGRESSIVE;
				GCC_WARN_UNUSED_FUNCTION = YES;
				GCC_WARN_UNUSED_VARIABLE = YES;
				GENERATE_INFOPLIST_FILE = NO;
				IPHONEOS_DEPLOYMENT_TARGET = 16.2;
				MTL_ENABLE_DEBUG_INFO = NO;
				MTL_FAST_MATH = YES;
				SDKROOT = iphoneos;
				SWIFT_COMPILATION_MODE = wholemodule;
				SWIFT_OPTIMIZATION_LEVEL = "-O";
				VALIDATE_PRODUCT = YES;
			};
			name = Release;
		};
		A40BCBBA298487D9000426BD /* Debug */ = {
			isa = XCBuildConfiguration;
			buildSettings = {
				ASSETCATALOG_COMPILER_APPICON_NAME = AppIcon;
				ASSETCATALOG_COMPILER_GLOBAL_ACCENT_COLOR_NAME = AccentColor;
				CODE_SIGN_STYLE = Automatic;
				CURRENT_PROJECT_VERSION = 1;
				DEVELOPMENT_ASSET_PATHS = "\"HoyaHacks-2023-College-Planner-App/Preview Content\"";
				DEVELOPMENT_TEAM = 2TXDKNW3R6;
				ENABLE_PREVIEWS = YES;
				GENERATE_INFOPLIST_FILE = YES;
				INFOPLIST_FILE = "HoyaHacks-2023-College-Planner-App/Info.plist";
				INFOPLIST_KEY_UIApplicationSupportsIndirectInputEvents = YES;
				INFOPLIST_KEY_UILaunchScreen_Generation = YES;
				INFOPLIST_KEY_UISupportedInterfaceOrientations_iPad = "UIInterfaceOrientationPortrait UIInterfaceOrientationPortraitUpsideDown UIInterfaceOrientationLandscapeLeft UIInterfaceOrientationLandscapeRight";
				INFOPLIST_KEY_UISupportedInterfaceOrientations_iPhone = "UIInterfaceOrientationPortrait UIInterfaceOrientationLandscapeLeft UIInterfaceOrientationLandscapeRight";
				LD_RUNPATH_SEARCH_PATHS = (
					"$(inherited)",
					"@executable_path/Frameworks",
				);
				MARKETING_VERSION = 1.0;
				NEW_SETTING = "";
				PRODUCT_BUNDLE_IDENTIFIER = "Hoya-Hacks2023.HoyaHacks-2023-College-Planner-App-1-";
				PRODUCT_NAME = "$(TARGET_NAME)";
				SWIFT_EMIT_LOC_STRINGS = YES;
				SWIFT_VERSION = 5.0;
				TARGETED_DEVICE_FAMILY = "1,2";
			};
			name = Debug;
		};
		A40BCBBB298487D9000426BD /* Release */ = {
			isa = XCBuildConfiguration;
			buildSettings = {
				ASSETCATALOG_COMPILER_APPICON_NAME = AppIcon;
				ASSETCATALOG_COMPILER_GLOBAL_ACCENT_COLOR_NAME = AccentColor;
				CODE_SIGN_STYLE = Automatic;
				CURRENT_PROJECT_VERSION = 1;
				DEVELOPMENT_ASSET_PATHS = "\"HoyaHacks-2023-College-Planner-App/Preview Content\"";
				DEVELOPMENT_TEAM = 2TXDKNW3R6;
				ENABLE_PREVIEWS = YES;
				GENERATE_INFOPLIST_FILE = YES;
				INFOPLIST_FILE = "HoyaHacks-2023-College-Planner-App/Info.plist";
				INFOPLIST_KEY_UIApplicationSupportsIndirectInputEvents = YES;
				INFOPLIST_KEY_UILaunchScreen_Generation = YES;
				INFOPLIST_KEY_UISupportedInterfaceOrientations_iPad = "UIInterfaceOrientationPortrait UIInterfaceOrientationPortraitUpsideDown UIInterfaceOrientationLandscapeLeft UIInterfaceOrientationLandscapeRight";
				INFOPLIST_KEY_UISupportedInterfaceOrientations_iPhone = "UIInterfaceOrientationPortrait UIInterfaceOrientationLandscapeLeft UIInterfaceOrientationLandscapeRight";
				LD_RUNPATH_SEARCH_PATHS = (
					"$(inherited)",
					"@executable_path/Frameworks",
				);
				MARKETING_VERSION = 1.0;
				NEW_SETTING = "";
				PRODUCT_BUNDLE_IDENTIFIER = "Hoya-Hacks2023.HoyaHacks-2023-College-Planner-App-1-";
				PRODUCT_NAME = "$(TARGET_NAME)";
				SWIFT_EMIT_LOC_STRINGS = YES;
				SWIFT_VERSION = 5.0;
				TARGETED_DEVICE_FAMILY = "1,2";
			};
			name = Release;
		};
/* End XCBuildConfiguration section */

/* Begin XCConfigurationList section */
		A40BCBA6298487D8000426BD /* Build configuration list for PBXProject "HoyaHacks-2023-College-Planner-App" */ = {
			isa = XCConfigurationList;
			buildConfigurations = (
				A40BCBB7298487D9000426BD /* Debug */,
				A40BCBB8298487D9000426BD /* Release */,
			);
			defaultConfigurationIsVisible = 0;
			defaultConfigurationName = Release;
		};
		A40BCBB9298487D9000426BD /* Build configuration list for PBXNativeTarget "HoyaHacks-2023-College-Planner-App" */ = {
			isa = XCConfigurationList;
			buildConfigurations = (
				A40BCBBA298487D9000426BD /* Debug */,
				A40BCBBB298487D9000426BD /* Release */,
			);
			defaultConfigurationIsVisible = 0;
			defaultConfigurationName = Release;
		};
/* End XCConfigurationList section */

/* Begin XCRemoteSwiftPackageReference section */
		90CB10FF2984D16C00D5FD90 /* XCRemoteSwiftPackageReference "swift-collections" */ = {
			isa = XCRemoteSwiftPackageReference;
			repositoryURL = "https://github.com/apple/swift-collections.git";
			requirement = {
				kind = upToNextMajorVersion;
				minimumVersion = 1.0.0;
			};
		};
/* End XCRemoteSwiftPackageReference section */

/* Begin XCSwiftPackageProductDependency section */
		90CB11002984D16C00D5FD90 /* OrderedCollections */ = {
			isa = XCSwiftPackageProductDependency;
			package = 90CB10FF2984D16C00D5FD90 /* XCRemoteSwiftPackageReference "swift-collections" */;
			productName = OrderedCollections;
		};
/* End XCSwiftPackageProductDependency section */
	};
	rootObject = A40BCBA3298487D8000426BD /* Project object */;
}
